
Microsoft Visual Studio Solution File, Format Version 12.00
# Visual Studio Version 16
VisualStudioVersion = 16.0.29911.84
MinimumVisualStudioVersion = 10.0.40219.1
Project("{8BC9CEB8-8B4A-11D0-8D11-00A0C91BC942}") = "demo", "demo.vcxproj", "{5574F3E8-24D9-4567-805C-5FF5D1238725}"
EndProject
Global
	GlobalSection(SolutionConfigurationPlatforms) = preSolution
		Debug|x64 = Debug|x64
		Debug|x86 = Debug|x86
		Release|x64 = Release|x64
		Release|x86 = Release|x86
	EndGlobalSection
	GlobalSection(ProjectConfigurationPlatforms) = postSolution
		{5574F3E8-24D9-4567-805C-5FF5D1238725}.Debug|x64.ActiveCfg = Debug|x64
		{5574F3E8-24D9-4567-805C-5FF5D1238725}.Debug|x64.Build.0 = Debug|x64
		{5574F3E8-24D9-4567-805C-5FF5D1238725}.Debug|x86.ActiveCfg = Debug|Win32
		{5574F3E8-24D9-4567-805C-5FF5D1238725}.Debug|x86.Build.0 = Debug|Win32
		{5574F3E8-24D9-4567-805C-5FF5D1238725}.Release|x64.ActiveCfg = Release|x64
		{5574F3E8-24D9-4567-805C-5FF5D1238725}.Release|x64.Build.0 = Release|x64
		{5574F3E8-24D9-4567-805C-5FF5D1238725}.Release|x86.ActiveCfg = Release|Win32
		{5574F3E8-24D9-4567-805C-5FF5D1238725}.Release|x86.Build.0 = Release|Win32
	EndGlobalSection
	GlobalSection(SolutionProperties) = preSolution
		HideSolutionNode = FALSE
	EndGlobalSection
	GlobalSection(ExtensibilityGlobals) = postSolution
		SolutionGuid = {DD49D180-CDBA-4853-B099-54A0C97735F3}
	EndGlobalSection
EndGlobal
